<?xml version="1.0" encoding="utf-8"?>
<Project ToolsVersion="4.0" xmlns="http://schemas.microsoft.com/developer/msbuild/2003">
  <ItemGroup>
    <Filter Include="源文件">
      <UniqueIdentifier>{4FC737F1-C7A5-4376-A066-2A32D752A2FF}</UniqueIdentifier>
      <Extensions>cpp;c;cc;cxx;def;odl;idl;hpj;bat;asm;asmx</Extensions>
    </Filter>
    <Filter Include="头文件">
      <UniqueIdentifier>{93995380-89BD-4b04-88EB-625FBE52EBFB}</UniqueIdentifier>
      <Extensions>h;hh;hpp;hxx;hm;inl;inc;xsd</Extensions>
    </Filter>
    <Filter Include="资源文件">
      <UniqueIdentifier>{67DA6AB6-F800-4c08-8B7A-83BB121AAD01}</UniqueIdentifier>
      <Extensions>rc;ico;cur;bmp;dlg;rc2;rct;bin;rgs;gif;jpg;jpeg;jpe;resx;tiff;tif;png;wav;mfcribbon-ms</Extensions>
    </Filter>
  </ItemGroup>
  <ItemGroup>
    <Text Include="ReadMe.txt" />
  </ItemGroup>
  <ItemGroup>
    <ClInclude Include="MyPomotodo.h">
      <Filter>头文件</Filter>
    </ClInclude>
    <ClInclude Include="MyPomotodoDlg.h">
      <Filter>头文件</Filter>
    </ClInclude>
    <ClInclude Include="stdafx.h">
      <Filter>头文件</Filter>
    </ClInclude>
    <ClInclude Include="targetver.h">
      <Filter>头文件</Filter>
    </ClInclude>
    <ClInclude Include="Resource.h">
      <Filter>头文件</Filter>
    </ClInclude>
    <ClInclude Include="MySqlite3.h">
      <Filter>头文件</Filter>
    </ClInclude>
    <ClInclude Include="MyPotato.h">
      <Filter>头文件</Filter>
    </ClInclude>
    <ClInclude Include="MyButton.h">
      <Filter>头文件</Filter>
    </ClInclude>
    <ClInclude Include="FileUtil.h">
      <Filter>头文件</Filter>
    </ClInclude>
    <ClInclude Include="CharTool.h">
      <Filter>头文件</Filter>
    </ClInclude>
    <ClInclude Include="MyDatabase.h">
      <Filter>头文件</Filter>
    </ClInclude>
    <ClInclude Include="MyTime.h">
      <Filter>头文件</Filter>
    </ClInclude>
    <ClInclude Include="MyPotatoListButton.h">
      <Filter>头文件</Filter>
    </ClInclude>
    <ClInclude Include="MyButtonList.h">
      <Filter>头文件</Filter>
    </ClInclude>
    <ClInclude Include="MyTomato.h">
      <Filter>头文件</Filter>
    </ClInclude>
    <ClInclude Include="MyTomatoButton.h">
      <Filter>头文件</Filter>
    </ClInclude>
    <ClInclude Include="AboutDlg.h">
      <Filter>头文件</Filter>
    </ClInclude>
    <ClInclude Include="MySetting.h">
      <Filter>头文件</Filter>
    </ClInclude>
    <ClInclude Include="MySettingCommon.h">
      <Filter>头文件</Filter>
    </ClInclude>
    <ClInclude Include="MySettingTomatoRelated.h">
      <Filter>头文件</Filter>
    </ClInclude>
    <ClInclude Include="MySettingAccountNum.h">
      <Filter>头文件</Filter>
    </ClInclude>
    <ClInclude Include="LibMP3DLL.h">
      <Filter>头文件</Filter>
    </ClInclude>
  </ItemGroup>
  <ItemGroup>
    <ClCompile Include="MyPomotodo.cpp">
      <Filter>源文件</Filter>
    </ClCompile>
    <ClCompile Include="MyPomotodoDlg.cpp">
      <Filter>源文件</Filter>
    </ClCompile>
    <ClCompile Include="stdafx.cpp">
      <Filter>源文件</Filter>
    </ClCompile>
    <ClCompile Include="MySqlite3.cpp">
      <Filter>源文件</Filter>
    </ClCompile>
    <ClCompile Include="MyPotato.cpp">
      <Filter>源文件</Filter>
    </ClCompile>
    <ClCompile Include="MyButton.cpp">
      <Filter>源文件</Filter>
    </ClCompile>
    <ClCompile Include="FileUtil.cpp">
      <Filter>源文件</Filter>
    </ClCompile>
    <ClCompile Include="CharTool.cpp">
      <Filter>源文件</Filter>
    </ClCompile>
    <ClCompile Include="MyDatabase.cpp">
      <Filter>源文件</Filter>
    </ClCompile>
    <ClCompile Include="MyTime.cpp">
      <Filter>源文件</Filter>
    </ClCompile>
    <ClCompile Include="MyPotatoListButton.cpp">
      <Filter>源文件</Filter>
    </ClCompile>
    <ClCompile Include="MyButtonList.cpp">
      <Filter>源文件</Filter>
    </ClCompile>
    <ClCompile Include="MyTomato.cpp">
      <Filter>源文件</Filter>
    </ClCompile>
    <ClCompile Include="MyTomatoButton.cpp">
      <Filter>源文件</Filter>
    </ClCompile>
    <ClCompile Include="AboutDlg.cpp">
      <Filter>源文件</Filter>
    </ClCompile>
    <ClCompile Include="MySetting.cpp">
      <Filter>源文件</Filter>
    </ClCompile>
    <ClCompile Include="MySettingCommon.cpp">
      <Filter>源文件</Filter>
    </ClCompile>
    <ClCompile Include="MySettingTomatoRelated.cpp">
      <Filter>源文件</Filter>
    </ClCompile>
    <ClCompile Include="MySettingAccountNum.cpp">
      <Filter>源文件</Filter>
    </ClCompile>
    <ClCompile Include="LibMP3DLL.cpp">
      <Filter>源文件</Filter>
    </ClCompile>
  </ItemGroup>
  <ItemGroup>
    <ResourceCompile Include="MyPomotodo.rc">
      <Filter>资源文件</Filter>
    </ResourceCompile>
  </ItemGroup>
  <ItemGroup>
    <None Include="res\MyPomotodo.rc2">
      <Filter>资源文件</Filter>
    </None>
    <None Include="res\icon1.ico">
      <Filter>资源文件</Filter>
    </None>
  </ItemGroup>
  <ItemGroup>
    <Image Include="res\MyPomotodo.ico">
      <Filter>资源文件</Filter>
    </Image>
  </ItemGroup>
</Project>